
Microsoft Visual Studio Solution File, Format Version 12.00
# Visual Studio Version 17
VisualStudioVersion = 17.4.33213.308
MinimumVisualStudioVersion = 10.0.40219.1
Project("{FAE04EC0-301F-11D3-BF4B-00C04F79EFBC}") = "simplex2", "simplex2\simplex2.csproj", "{2D99856E-0174-45A5-B1DC-D446F3AEB523}"
EndProject
Global
	GlobalSection(SolutionConfigurationPlatforms) = preSolution
		Debug|Any CPU = Debug|Any CPU
		Release|Any CPU = Release|Any CPU
	EndGlobalSection
	GlobalSection(ProjectConfigurationPlatforms) = postSolution
		{2D99856E-0174-45A5-B1DC-D446F3AEB523}.Debug|Any CPU.ActiveCfg = Debug|Any CPU
		{2D99856E-0174-45A5-B1DC-D446F3AEB523}.Debug|Any CPU.Build.0 = Debug|Any CPU
		{2D99856E-0174-45A5-B1DC-D446F3AEB523}.Release|Any CPU.ActiveCfg = Release|Any CPU
		{2D99856E-0174-45A5-B1DC-D446F3AEB523}.Release|Any CPU.Build.0 = Release|Any CPU
	EndGlobalSection
	GlobalSection(SolutionProperties) = preSolution
		HideSolutionNode = FALSE
	EndGlobalSection
	GlobalSection(ExtensibilityGlobals) = postSolution
		SolutionGuid = {EE3CDD8D-A16C-4DBE-AA83-F0569EFA49FF}
	EndGlobalSection
EndGlobal
